dependencies:
- name: postgresql
  repository: https://charts.bitnami.com/bitnami
  version: 12.1.2
- name: redis
  repository: https://charts.bitnami.com/bitnami
  version: 17.3.7
digest: sha256:736b06aeeda060467884cc9744a64c2578348f642b963205d437040a14578619
generated: "2025-11-20T04:51:14.328720523+02:00"
